// !$*UTF8*$!
{
	archiveVersion = 1;
	classes = {
	};
	objectVersion = 50;
	objects = {

/* Begin PBXBuildFile section */
		9A1C3DBF20AA1FB20091CB0E /* emu.c in Sources */ = {isa = PBXBuildFile; fileRef = 9A1C3DBE20AA1FB20091CB0E /* emu.c */; };
		9A3542C720A71EED00A464B7 /* AppDelegate.swift in Sources */ = {isa = PBXBuildFile; fileRef = 9A3542C620A71EED00A464B7 /* AppDelegate.swift */; };
		9A3542C920A71EED00A464B7 /* ViewController.swift in Sources */ = {isa = PBXBuildFile; fileRef = 9A3542C820A71EED00A464B7 /* ViewController.swift */; };
		9A3542CC20A71EED00A464B7 /* Main.storyboard in Resources */ = {isa = PBXBuildFile; fileRef = 9A3542CA20A71EED00A464B7 /* Main.storyboard */; };
		9A3542CE20A71EEE00A464B7 /* Assets.xcassets in Resources */ = {isa = PBXBuildFile; fileRef = 9A3542CD20A71EEE00A464B7 /* Assets.xcassets */; };
		9A3542D120A71EEE00A464B7 /* LaunchScreen.storyboard in Resources */ = {isa = PBXBuildFile; fileRef = 9A3542CF20A71EEE00A464B7 /* LaunchScreen.storyboard */; };
		9A3542D920A7215B00A464B7 /* MainView.swift in Sources */ = {isa = PBXBuildFile; fileRef = 9A3542D820A7215B00A464B7 /* MainView.swift */; };
		9A3542E120A72D1800A464B7 /* bridge.c in Sources */ = {isa = PBXBuildFile; fileRef = 9A3542DF20A72D1700A464B7 /* bridge.c */; };
/* End PBXBuildFile section */

/* Begin PBXFileReference section */
		9A1C3DBE20AA1FB20091CB0E /* emu.c */ = {isa = PBXFileReference; fileEncoding = 4; lastKnownFileType = sourcecode.c.c; name = emu.c; path = ../../Generic/emu.c; sourceTree = "<group>"; };
		9A1C3DC020AA20890091CB0E /* defs.h */ = {isa = PBXFileReference; fileEncoding = 4; lastKnownFileType = sourcecode.c.h; name = defs.h; path = ../../Generic/defs.h; sourceTree = "<group>"; };
		9A3542C320A71EED00A464B7 /* magnetic.app */ = {isa = PBXFileReference; explicitFileType = wrapper.application; includeInIndex = 0; path = magnetic.app; sourceTree = BUILT_PRODUCTS_DIR; };
		9A3542C620A71EED00A464B7 /* AppDelegate.swift */ = {isa = PBXFileReference; lastKnownFileType = sourcecode.swift; path = AppDelegate.swift; sourceTree = "<group>"; };
		9A3542C820A71EED00A464B7 /* ViewController.swift */ = {isa = PBXFileReference; indentWidth = 4; lastKnownFileType = sourcecode.swift; path = ViewController.swift; sourceTree = "<group>"; tabWidth = 4; };
		9A3542CB20A71EED00A464B7 /* Base */ = {isa = PBXFileReference; lastKnownFileType = file.storyboard; name = Base; path = Base.lproj/Main.storyboard; sourceTree = "<group>"; };
		9A3542CD20A71EEE00A464B7 /* Assets.xcassets */ = {isa = PBXFileReference; lastKnownFileType = folder.assetcatalog; path = Assets.xcassets; sourceTree = "<group>"; };
		9A3542D020A71EEE00A464B7 /* Base */ = {isa = PBXFileReference; lastKnownFileType = file.storyboard; name = Base; path = Base.lproj/LaunchScreen.storyboard; sourceTree = "<group>"; };
		9A3542D220A71EEE00A464B7 /* Info.plist */ = {isa = PBXFileReference; lastKnownFileType = text.plist.xml; path = Info.plist; sourceTree = "<group>"; };
		9A3542D820A7215B00A464B7 /* MainView.swift */ = {isa = PBXFileReference; indentWidth = 4; lastKnownFileType = sourcecode.swift; path = MainView.swift; sourceTree = "<group>"; tabWidth = 4; };
		9A3542DA20A72C3A00A464B7 /* magnetic-Bridging-Header.h */ = {isa = PBXFileReference; lastKnownFileType = sourcecode.c.h; path = "magnetic-Bridging-Header.h"; sourceTree = "<group>"; };
		9A3542DF20A72D1700A464B7 /* bridge.c */ = {isa = PBXFileReference; fileEncoding = 4; indentWidth = 4; lastKnownFileType = sourcecode.c.c; path = bridge.c; sourceTree = "<group>"; tabWidth = 4; };
		9A3542E020A72D1800A464B7 /* bridge.h */ = {isa = PBXFileReference; fileEncoding = 4; lastKnownFileType = sourcecode.c.h; path = bridge.h; sourceTree = "<group>"; };
/* End PBXFileReference section */

/* Begin PBXFrameworksBuildPhase section */
		9A3542C020A71EEC00A464B7 /* Frameworks */ = {
			isa = PBXFrameworksBuildPhase;
			buildActionMask = 2147483647;
			files = (
			);
			runOnlyForDeploymentPostprocessing = 0;
		};
/* End PBXFrameworksBuildPhase section */

/* Begin PBXGroup section */
		9A3542BA20A71EEC00A464B7 = {
			isa = PBXGroup;
			children = (
				9A3542C520A71EED00A464B7 /* magnetic */,
				9A3542C420A71EED00A464B7 /* Products */,
			);
			sourceTree = "<group>";
		};
		9A3542C420A71EED00A464B7 /* Products */ = {
			isa = PBXGroup;
			children = (
				9A3542C320A71EED00A464B7 /* magnetic.app */,
			);
			name = Products;
			sourceTree = "<group>";
		};
		9A3542C520A71EED00A464B7 /* magnetic */ = {
			isa = PBXGroup;
			children = (
				9A1C3DC020AA20890091CB0E /* defs.h */,
				9A1C3DBE20AA1FB20091CB0E /* emu.c */,
				9A3542DF20A72D1700A464B7 /* bridge.c */,
				9A3542E020A72D1800A464B7 /* bridge.h */,
				9A3542C620A71EED00A464B7 /* AppDelegate.swift */,
				9A3542C820A71EED00A464B7 /* ViewController.swift */,
				9A3542CA20A71EED00A464B7 /* Main.storyboard */,
				9A3542CD20A71EEE00A464B7 /* Assets.xcassets */,
				9A3542CF20A71EEE00A464B7 /* LaunchScreen.storyboard */,
				9A3542D220A71EEE00A464B7 /* Info.plist */,
				9A3542D820A7215B00A464B7 /* MainView.swift */,
				9A3542DA20A72C3A00A464B7 /* magnetic-Bridging-Header.h */,
			);
			path = magnetic;
			sourceTree = "<group>";
		};
/* End PBXGroup section */

/* Begin PBXNativeTarget section */
		9A3542C220A71EEC00A464B7 /* magnetic */ = {
			isa = PBXNativeTarget;
			buildConfigurationList = 9A3542D520A71EEE00A464B7 /* Build configuration list for PBXNativeTarget "magnetic" */;
			buildPhases = (
				9A3542BF20A71EEC00A464B7 /* Sources */,
				9A3542C020A71EEC00A464B7 /* Frameworks */,
				9A3542C120A71EEC00A464B7 /* Resources */,
			);
			buildRules = (
			);
			dependencies = (
			);
			name = magnetic;
			productName = magnetic;
			productReference = 9A3542C320A71EED00A464B7 /* magnetic.app */;
			productType = "com.apple.product-type.application";
		};
/* End PBXNativeTarget section */

/* Begin PBXProject section */
		9A3542BB20A71EEC00A464B7 /* Project object */ = {
			isa = PBXProject;
			attributes = {
				LastSwiftUpdateCheck = 0930;
				LastUpgradeCheck = 0930;
				ORGANIZATIONNAME = "Anders Holmberg";
				TargetAttributes = {
					9A3542C220A71EEC00A464B7 = {
						CreatedOnToolsVersion = 9.3.1;
						LastSwiftMigration = 0930;
					};
				};
			};
			buildConfigurationList = 9A3542BE20A71EEC00A464B7 /* Build configuration list for PBXProject "magnetic" */;
			compatibilityVersion = "Xcode 9.3";
			developmentRegion = en;
			hasScannedForEncodings = 0;
			knownRegions = (
				en,
				Base,
			);
			mainGroup = 9A3542BA20A71EEC00A464B7;
			productRefGroup = 9A3542C420A71EED00A464B7 /* Products */;
			projectDirPath = "";
			projectRoot = "";
			targets = (
				9A3542C220A71EEC00A464B7 /* magnetic */,
			);
		};
/* End PBXProject section */

/* Begin PBXResourcesBuildPhase section */
		9A3542C120A71EEC00A464B7 /* Resources */ = {
			isa = PBXResourcesBuildPhase;
			buildActionMask = 2147483647;
			files = (
				9A3542D120A71EEE00A464B7 /* LaunchScreen.storyboard in Resources */,
				9A3542CE20A71EEE00A464B7 /* Assets.xcassets in Resources */,
				9A3542CC20A71EED00A464B7 /* Main.storyboard in Resources */,
			);
			runOnlyForDeploymentPostprocessing = 0;
		};
/* End PBXResourcesBuildPhase section */

/* Begin PBXSourcesBuildPhase section */
		9A3542BF20A71EEC00A464B7 /* Sources */ = {
			isa = PBXSourcesBuildPhase;
			buildActionMask = 2147483647;
			files = (
				9A3542C920A71EED00A464B7 /* ViewController.swift in Sources */,
				9A1C3DBF20AA1FB20091CB0E /* emu.c in Sources */,
				9A3542E120A72D1800A464B7 /* bridge.c in Sources */,
				9A3542D920A7215B00A464B7 /* MainView.swift in Sources */,
				9A3542C720A71EED00A464B7 /* AppDelegate.swift in Sources */,
			);
			runOnlyForDeploymentPostprocessing = 0;
		};
/* End PBXSourcesBuildPhase section */

/* Begin PBXVariantGroup section */
		9A3542CA20A71EED00A464B7 /* Main.storyboard */ = {
			isa = PBXVariantGroup;
			children = (
				9A3542CB20A71EED00A464B7 /* Base */,
			);
			name = Main.storyboard;
			sourceTree = "<group>";
		};
		9A3542CF20A71EEE00A464B7 /* LaunchScreen.storyboard */ = {
			isa = PBXVariantGroup;
			children = (
				9A3542D020A71EEE00A464B7 /* Base */,
			);
			name = LaunchScreen.storyboard;
			sourceTree = "<group>";
		};
/* End PBXVariantGroup section */

/* Begin XCBuildConfiguration section */
		9A3542D320A71EEE00A464B7 /* Debug */ = {
			isa = XCBuildConfiguration;
			buildSettings = {
				ALWAYS_SEARCH_USER_PATHS = NO;
				CLANG_ANALYZER_NONNULL = YES;
				CLANG_ANALYZER_NUMBER_OBJECT_CONVERSION = YES_AGGRESSIVE;
				CLANG_CXX_LANGUAGE_STANDARD = "gnu++14";
				CLANG_CXX_LIBRARY = "libc++";
				CLANG_ENABLE_MODULES = YES;
				CLANG_ENABLE_OBJC_ARC = YES;
				CLANG_ENABLE_OBJC_WEAK = YES;
				CLANG_WARN_BLOCK_CAPTURE_AUTORELEASING = YES;
				CLANG_WARN_BOOL_CONVERSION = YES;
				CLANG_WARN_COMMA = YES;
				CLANG_WARN_CONSTANT_CONVERSION = YES;
				CLANG_WARN_DEPRECATED_OBJC_IMPLEMENTATIONS = YES;
				CLANG_WARN_DIRECT_OBJC_ISA_USAGE = YES_ERROR;
				CLANG_WARN_DOCUMENTATION_COMMENTS = YES;
				CLANG_WARN_EMPTY_BODY = YES;
				CLANG_WARN_ENUM_CONVERSION = YES;
				CLANG_WARN_INFINITE_RECURSION = YES;
				CLANG_WARN_INT_CONVERSION = YES;
				CLANG_WARN_NON_LITERAL_NULL_CONVERSION = YES;
				CLANG_WARN_OBJC_IMPLICIT_RETAIN_SELF = YES;
				CLANG_WARN_OBJC_LITERAL_CONVERSION = YES;
				CLANG_WARN_OBJC_ROOT_CLASS = YES_ERROR;
				CLANG_WARN_RANGE_LOOP_ANALYSIS = YES;
				CLANG_WARN_STRICT_PROTOTYPES = YES;
				CLANG_WARN_SUSPICIOUS_MOVE = YES;
				CLANG_WARN_UNGUARDED_AVAILABILITY = YES_AGGRESSIVE;
				CLANG_WARN_UNREACHABLE_CODE = YES;
				CLANG_WARN__DUPLICATE_METHOD_MATCH = YES;
				CODE_SIGN_IDENTITY = "iPhone Developer";
				COPY_PHASE_STRIP = NO;
				DEBUG_INFORMATION_FORMAT = dwarf;
				ENABLE_STRICT_OBJC_MSGSEND = YES;
				ENABLE_TESTABILITY = YES;
				GCC_C_LANGUAGE_STANDARD = gnu11;
				GCC_DYNAMIC_NO_PIC = NO;
				GCC_NO_COMMON_BLOCKS = YES;
				GCC_OPTIMIZATION_LEVEL = 0;
				GCC_PREPROCESSOR_DEFINITIONS = (
					"DEBUG=1",
					"$(inherited)",
				);
				GCC_WARN_64_TO_32_BIT_CONVERSION = YES;
				GCC_WARN_ABOUT_RETURN_TYPE = YES_ERROR;
				GCC_WARN_UNDECLARED_SELECTOR = YES;
				GCC_WARN_UNINITIALIZED_AUTOS = YES_AGGRESSIVE;
				GCC_WARN_UNUSED_FUNCTION = YES;
				GCC_WARN_UNUSED_VARIABLE = YES;
				IPHONEOS_DEPLOYMENT_TARGET = 11.3;
				MTL_ENABLE_DEBUG_INFO = YES;
				ONLY_ACTIVE_ARCH = YES;
				SDKROOT = iphoneos;
				SWIFT_ACTIVE_COMPILATION_CONDITIONS = DEBUG;
				SWIFT_OPTIMIZATION_LEVEL = "-Onone";
			};
			name = Debug;
		};
		9A3542D420A71EEE00A464B7 /* Release */ = {
			isa = XCBuildConfiguration;
			buildSettings = {
				ALWAYS_SEARCH_USER_PATHS = NO;
				CLANG_ANALYZER_NONNULL = YES;
				CLANG_ANALYZER_NUMBER_OBJECT_CONVERSION = YES_AGGRESSIVE;
				CLANG_CXX_LANGUAGE_STANDARD = "gnu++14";
				CLANG_CXX_LIBRARY = "libc++";
				CLANG_ENABLE_MODULES = YES;
				CLANG_ENABLE_OBJC_ARC = YES;
				CLANG_ENABLE_OBJC_WEAK = YES;
				CLANG_WARN_BLOCK_CAPTURE_AUTORELEASING = YES;
				CLANG_WARN_BOOL_CONVERSION = YES;
				CLANG_WARN_COMMA = YES;
				CLANG_WARN_CONSTANT_CONVERSION = YES;
				CLANG_WARN_DEPRECATED_OBJC_IMPLEMENTATIONS = YES;
				CLANG_WARN_DIRECT_OBJC_ISA_USAGE = YES_ERROR;
				CLANG_WARN_DOCUMENTATION_COMMENTS = YES;
				CLANG_WARN_EMPTY_BODY = YES;
				CLANG_WARN_ENUM_CONVERSION = YES;
				CLANG_WARN_INFINITE_RECURSION = YES;
				CLANG_WARN_INT_CONVERSION = YES;
				CLANG_WARN_NON_LITERAL_NULL_CONVERSION = YES;
				CLANG_WARN_OBJC_IMPLICIT_RETAIN_SELF = YES;
				CLANG_WARN_OBJC_LITERAL_CONVERSION = YES;
				CLANG_WARN_OBJC_ROOT_CLASS = YES_ERROR;
				CLANG_WARN_RANGE_LOOP_ANALYSIS = YES;
				CLANG_WARN_STRICT_PROTOTYPES = YES;
				CLANG_WARN_SUSPICIOUS_MOVE = YES;
				CLANG_WARN_UNGUARDED_AVAILABILITY = YES_AGGRESSIVE;
				CLANG_WARN_UNREACHABLE_CODE = YES;
				CLANG_WARN__DUPLICATE_METHOD_MATCH = YES;
				CODE_SIGN_IDENTITY = "iPhone Developer";
				COPY_PHASE_STRIP = NO;
				DEBUG_INFORMATION_FORMAT = "dwarf-with-dsym";
				ENABLE_NS_ASSERTIONS = NO;
				ENABLE_STRICT_OBJC_MSGSEND = YES;
				GCC_C_LANGUAGE_STANDARD = gnu11;
				GCC_NO_COMMON_BLOCKS = YES;
				GCC_WARN_64_TO_32_BIT_CONVERSION = YES;
				GCC_WARN_ABOUT_RETURN_TYPE = YES_ERROR;
				GCC_WARN_UNDECLARED_SELECTOR = YES;
				GCC_WARN_UNINITIALIZED_AUTOS = YES_AGGRESSIVE;
				GCC_WARN_UNUSED_FUNCTION = YES;
				GCC_WARN_UNUSED_VARIABLE = YES;
				IPHONEOS_DEPLOYMENT_TARGET = 11.3;
				MTL_ENABLE_DEBUG_INFO = NO;
				SDKROOT = iphoneos;
				SWIFT_COMPILATION_MODE = wholemodule;
				SWIFT_OPTIMIZATION_LEVEL = "-O";
				VALIDATE_PRODUCT = YES;
			};
			name = Release;
		};
		9A3542D620A71EEE00A464B7 /* Debug */ = {
			isa = XCBuildConfiguration;
			buildSettings = {
				ASSETCATALOG_COMPILER_APPICON_NAME = AppIcon;
				CLANG_ENABLE_MODULES = YES;
				CODE_SIGN_STYLE = Automatic;
				DEVELOPMENT_TEAM = K8B3HYX833;
				INFOPLIST_FILE = magnetic/Info.plist;
				LD_RUNPATH_SEARCH_PATHS = (
					"$(inherited)",
					"@executable_path/Frameworks",
				);
				PRODUCT_BUNDLE_IDENTIFIER = com.hiddenincome.magnetic;
				PRODUCT_NAME = "$(TARGET_NAME)";
				SWIFT_OBJC_BRIDGING_HEADER = "magnetic/magnetic-Bridging-Header.h";
				SWIFT_OPTIMIZATION_LEVEL = "-Onone";
				SWIFT_VERSION = 4.0;
				TARGETED_DEVICE_FAMILY = "1,2";
			};
			name = Debug;
		};
		9A3542D720A71EEE00A464B7 /* Release */ = {
			isa = XCBuildConfiguration;
			buildSettings = {
				ASSETCATALOG_COMPILER_APPICON_NAME = AppIcon;
				CLANG_ENABLE_MODULES = YES;
				CODE_SIGN_STYLE = Automatic;
				DEVELOPMENT_TEAM = K8B3HYX833;
				INFOPLIST_FILE = magnetic/Info.plist;
				LD_RUNPATH_SEARCH_PATHS = (
					"$(inherited)",
					"@executable_path/Frameworks",
				);
				PRODUCT_BUNDLE_IDENTIFIER = com.hiddenincome.magnetic;
				PRODUCT_NAME = "$(TARGET_NAME)";
				SWIFT_OBJC_BRIDGING_HEADER = "magnetic/magnetic-Bridging-Header.h";
				SWIFT_VERSION = 4.0;
				TARGETED_DEVICE_FAMILY = "1,2";
			};
			name = Release;
		};
/* End XCBuildConfiguration section */

/* Begin XCConfigurationList section */
		9A3542BE20A71EEC00A464B7 /* Build configuration list for PBXProject "magnetic" */ = {
			isa = XCConfigurationList;
			buildConfigurations = (
				9A3542D320A71EEE00A464B7 /* Debug */,
				9A3542D420A71EEE00A464B7 /* Release */,
			);
			defaultConfigurationIsVisible = 0;
			defaultConfigurationName = Release;
		};
		9A3542D520A71EEE00A464B7 /* Build configuration list for PBXNativeTarget "magnetic" */ = {
			isa = XCConfigurationList;
			buildConfigurations = (
				9A3542D620A71EEE00A464B7 /* Debug */,
				9A3542D720A71EEE00A464B7 /* Release */,
			);
			defaultConfigurationIsVisible = 0;
			defaultConfigurationName = Release;
		};
/* End XCConfigurationList section */
	};
	rootObject = 9A3542BB20A71EEC00A464B7 /* Project object */;
}
